{
  "name": "@pallad/encryption",
  "version": "2.0.0",
  "lockfileVersion": 3,
  "requires": true,
  "packages": {
    "": {
      "name": "@pallad/encryption",
      "version": "2.0.0",
      "license": "MIT",
      "dependencies": {
        "@pallad/secret": "^1.0.2",
        "@sweet-monads/either": "^3.1.0",
        "is-base64": "^1.1.0",
        "tslib": "^2.0.1",
        "zod": "^3.22.4"
      },
      "engines": {
        "node": ">=11.6"
      }
    },
    "node_modules/@pallad/secret": {
      "version": "1.1.1",
      "resolved": "https://registry.npmjs.org/@pallad/secret/-/secret-1.1.1.tgz",
      "integrity": "sha512-pthoZPUqpx67ll2MDQF5xVv/qZjb8ATEqkHONVL5x5UAhMfegA+YEOoEx5J4NWBeQyqA7p8QkrmlmiuYXDaDDg==",
      "dependencies": {
        "predicates": "^2.0.3"
      },
      "peerDependencies": {
        "tslib": "^2"
      }
    },
    "node_modules/@sweet-monads/either": {
      "version": "3.3.1",
      "resolved": "https://registry.npmjs.org/@sweet-monads/either/-/either-3.3.1.tgz",
      "integrity": "sha512-9Yi6KITRWJ1dIiO2XD5HTa3P2KSYIuZBMOHNqpDetpFTjwe5WJJqjCIIc0Bw1mkTfAbqhLhDov6BGK8MEGrLXQ==",
      "dependencies": {
        "@sweet-monads/interfaces": "^3.3.0"
      }
    },
    "node_modules/@sweet-monads/interfaces": {
      "version": "3.3.0",
      "resolved": "https://registry.npmjs.org/@sweet-monads/interfaces/-/interfaces-3.3.0.tgz",
      "integrity": "sha512-66akGvjPD4lizQy+w4JSltJilc2w/QPdw8lPAniLJGHwyjmrw9xMJLx76Q/GDnbCU59Werses4aZJLWOlJrL5A=="
    },
    "node_modules/array-find": {
      "version": "1.0.0",
      "resolved": "https://registry.npmjs.org/array-find/-/array-find-1.0.0.tgz",
      "integrity": "sha512-kO/vVCacW9mnpn3WPWbTVlEnOabK2L7LWi2HViURtCM46y1zb6I8UMjx4LgbiqadTgHnLInUronwn3ampNTJtQ=="
    },
    "node_modules/is-base64": {
      "version": "1.1.0",
      "resolved": "https://registry.npmjs.org/is-base64/-/is-base64-1.1.0.tgz",
      "integrity": "sha512-Nlhg7Z2dVC4/PTvIFkgVVNvPHSO2eR/Yd0XzhGiXCXEvWnptXlXa/clQ8aePPiMuxEGcWfzWbGw2Fe3d+Y3v1g==",
      "bin": {
        "is_base64": "bin/is-base64",
        "is-base64": "bin/is-base64"
      }
    },
    "node_modules/predicates": {
      "version": "2.0.3",
      "resolved": "https://registry.npmjs.org/predicates/-/predicates-2.0.3.tgz",
      "integrity": "sha512-eL+bhIiWrD+kx/olyYBcAFn258Oo9MTB7iehgBIaflVS8DBLuVtQvOpwgWwlya6YFUIiKaVoA3HaBNJuVNcyIA==",
      "dependencies": {
        "array-find": "^1.0.0"
      },
      "engines": {
        "node": ">=4.3"
      }
    },
    "node_modules/tslib": {
      "version": "2.6.2",
      "resolved": "https://registry.npmjs.org/tslib/-/tslib-2.6.2.tgz",
      "integrity": "sha512-AEYxH93jGFPn/a2iVAwW87VuUIkR1FVUKB77NwMF7nBTDkDrrT/Hpt/IrCJ0QXhW27jTBDcf5ZY7w6RiqTMw2Q=="
    },
    "node_modules/zod": {
      "version": "3.22.4",
      "resolved": "https://registry.npmjs.org/zod/-/zod-3.22.4.tgz",
      "integrity": "sha512-iC+8Io04lddc+mVqQ9AZ7OQ2MrUKGN+oIQyq1vemgt46jwCwLfhq7/pwnBnNXXXZb8VTVLKwp9EDkx+ryxIWmg==",
      "funding": {
        "url": "https://github.com/sponsors/colinhacks"
      }
    }
  }
}
