{
	"name": "@pallad/encryption",
	"version": "2.0.0",
	"lockfileVersion": 2,
	"requires": true,
	"packages": {
		"": {
			"name": "@pallad/encryption",
			"version": "1.0.1",
			"license": "MIT",
			"dependencies": {
				"@pallad/secret": "^1.0.2",
				"@sweet-monads/either": "^3.1.0",
				"is-base64": "^1.1.0",
				"predicates": "^2.0.3",
				"tslib": "^2.0.1"
			},
			"engines": {
				"node": ">=11.6"
			}
		},
		"node_modules/@pallad/secret": {
			"version": "1.0.2",
			"resolved": "https://registry.npmjs.org/@pallad/secret/-/secret-1.0.2.tgz",
			"integrity": "sha512-ES+1FzZ59nCp/jS3O7/D40BgJlOOq1LRtxY8Y+Aq6vb40TwyxS/n4jWd/TSVf2GYDeRYfWIHPkX81IL4RxsoDA==",
			"dependencies": {
				"predicates": "^2.0.3",
				"tslib": "^1.10.0"
			}
		},
		"node_modules/@pallad/secret/node_modules/tslib": {
			"version": "1.13.0",
			"resolved": "https://registry.npmjs.org/tslib/-/tslib-1.13.0.tgz",
			"integrity": "sha512-i/6DQjL8Xf3be4K/E6Wgpekn5Qasl1usyw++dAA35Ue5orEn65VIxOA+YvNNl9HV3qv70T7CNwjODHZrLwvd1Q=="
		},
		"node_modules/@sweet-monads/either": {
			"version": "3.1.0",
			"resolved": "https://registry.npmjs.org/@sweet-monads/either/-/either-3.1.0.tgz",
			"integrity": "sha512-GiKUqzwj2602FCJo+sFMYyuo8OS1rmknSLRSJmjvnKqkyo+OXEqAhw9tAASH/SvCC7OC7IEEUvarocWMuB9pdg==",
			"dependencies": {
				"@sweet-monads/interfaces": "^3.1.0"
			}
		},
		"node_modules/@sweet-monads/interfaces": {
			"version": "3.1.0",
			"resolved": "https://registry.npmjs.org/@sweet-monads/interfaces/-/interfaces-3.1.0.tgz",
			"integrity": "sha512-/65uh95U8yWmnVQVQWPh6v49vTDomXYttDJot86JOpWjP2gpStnPX02uTH/WMla0vfGb5KP7mFZMKUvom/QqkA=="
		},
		"node_modules/array-find": {
			"version": "1.0.0",
			"resolved": "https://registry.npmjs.org/array-find/-/array-find-1.0.0.tgz",
			"integrity": "sha1-bI4obRHtdoMn+OYuzuhzU8o+eLg="
		},
		"node_modules/is-base64": {
			"version": "1.1.0",
			"resolved": "https://registry.npmjs.org/is-base64/-/is-base64-1.1.0.tgz",
			"integrity": "sha512-Nlhg7Z2dVC4/PTvIFkgVVNvPHSO2eR/Yd0XzhGiXCXEvWnptXlXa/clQ8aePPiMuxEGcWfzWbGw2Fe3d+Y3v1g==",
			"bin": {
				"is_base64": "bin/is-base64",
				"is-base64": "bin/is-base64"
			}
		},
		"node_modules/predicates": {
			"version": "2.0.3",
			"resolved": "https://registry.npmjs.org/predicates/-/predicates-2.0.3.tgz",
			"integrity": "sha512-eL+bhIiWrD+kx/olyYBcAFn258Oo9MTB7iehgBIaflVS8DBLuVtQvOpwgWwlya6YFUIiKaVoA3HaBNJuVNcyIA==",
			"dependencies": {
				"array-find": "^1.0.0"
			},
			"engines": {
				"node": ">=4.3"
			}
		},
		"node_modules/tslib": {
			"version": "2.0.1",
			"resolved": "https://registry.npmjs.org/tslib/-/tslib-2.0.1.tgz",
			"integrity": "sha512-SgIkNheinmEBgx1IUNirK0TUD4X9yjjBRTqqjggWCU3pUEqIk3/Uwl3yRixYKT6WjQuGiwDv4NomL3wqRCj+CQ=="
		}
	},
	"dependencies": {
		"@pallad/secret": {
			"version": "1.0.2",
			"resolved": "https://registry.npmjs.org/@pallad/secret/-/secret-1.0.2.tgz",
			"integrity": "sha512-ES+1FzZ59nCp/jS3O7/D40BgJlOOq1LRtxY8Y+Aq6vb40TwyxS/n4jWd/TSVf2GYDeRYfWIHPkX81IL4RxsoDA==",
			"requires": {
				"predicates": "^2.0.3",
				"tslib": "^1.10.0"
			},
			"dependencies": {
				"tslib": {
					"version": "1.13.0",
					"resolved": "https://registry.npmjs.org/tslib/-/tslib-1.13.0.tgz",
					"integrity": "sha512-i/6DQjL8Xf3be4K/E6Wgpekn5Qasl1usyw++dAA35Ue5orEn65VIxOA+YvNNl9HV3qv70T7CNwjODHZrLwvd1Q=="
				}
			}
		},
		"@sweet-monads/either": {
			"version": "3.1.0",
			"resolved": "https://registry.npmjs.org/@sweet-monads/either/-/either-3.1.0.tgz",
			"integrity": "sha512-GiKUqzwj2602FCJo+sFMYyuo8OS1rmknSLRSJmjvnKqkyo+OXEqAhw9tAASH/SvCC7OC7IEEUvarocWMuB9pdg==",
			"requires": {
				"@sweet-monads/interfaces": "^3.1.0"
			}
		},
		"@sweet-monads/interfaces": {
			"version": "3.1.0",
			"resolved": "https://registry.npmjs.org/@sweet-monads/interfaces/-/interfaces-3.1.0.tgz",
			"integrity": "sha512-/65uh95U8yWmnVQVQWPh6v49vTDomXYttDJot86JOpWjP2gpStnPX02uTH/WMla0vfGb5KP7mFZMKUvom/QqkA=="
		},
		"array-find": {
			"version": "1.0.0",
			"resolved": "https://registry.npmjs.org/array-find/-/array-find-1.0.0.tgz",
			"integrity": "sha1-bI4obRHtdoMn+OYuzuhzU8o+eLg="
		},
		"is-base64": {
			"version": "1.1.0",
			"resolved": "https://registry.npmjs.org/is-base64/-/is-base64-1.1.0.tgz",
			"integrity": "sha512-Nlhg7Z2dVC4/PTvIFkgVVNvPHSO2eR/Yd0XzhGiXCXEvWnptXlXa/clQ8aePPiMuxEGcWfzWbGw2Fe3d+Y3v1g=="
		},
		"predicates": {
			"version": "2.0.3",
			"resolved": "https://registry.npmjs.org/predicates/-/predicates-2.0.3.tgz",
			"integrity": "sha512-eL+bhIiWrD+kx/olyYBcAFn258Oo9MTB7iehgBIaflVS8DBLuVtQvOpwgWwlya6YFUIiKaVoA3HaBNJuVNcyIA==",
			"requires": {
				"array-find": "^1.0.0"
			}
		},
		"tslib": {
			"version": "2.0.1",
			"resolved": "https://registry.npmjs.org/tslib/-/tslib-2.0.1.tgz",
			"integrity": "sha512-SgIkNheinmEBgx1IUNirK0TUD4X9yjjBRTqqjggWCU3pUEqIk3/Uwl3yRixYKT6WjQuGiwDv4NomL3wqRCj+CQ=="
		}
	}
}
